
Microsoft Visual Studio Solution File, Format Version 12.00
# Visual Studio Version 16
VisualStudioVersion = 16.0.28803.202
MinimumVisualStudioVersion = 10.0.40219.1
Project("{FAE04EC0-301F-11D3-BF4B-00C04F79EFBC}") = "HTTPServer30", "HTTPServer30\HTTPServer30.csproj", "{B4B0B5C5-8F02-499B-9AA2-A2B0BE2C4F9A}"
EndProject
Project("{FAE04EC0-301F-11D3-BF4B-00C04F79EFBC}") = "OfficeLibrary", "OfficeLibrary\OfficeLibrary.csproj", "{6ECE5244-834F-434B-9E5F-421D3430A0B7}"
EndProject
Global
	GlobalSection(SolutionConfigurationPlatforms) = preSolution
		Debug|Any CPU = Debug|Any CPU
		Release|Any CPU = Release|Any CPU
	EndGlobalSection
	GlobalSection(ProjectConfigurationPlatforms) = postSolution
		{B4B0B5C5-8F02-499B-9AA2-A2B0BE2C4F9A}.Debug|Any CPU.ActiveCfg = Debug|Any CPU
		{B4B0B5C5-8F02-499B-9AA2-A2B0BE2C4F9A}.Debug|Any CPU.Build.0 = Debug|Any CPU
		{B4B0B5C5-8F02-499B-9AA2-A2B0BE2C4F9A}.Release|Any CPU.ActiveCfg = Release|Any CPU
		{B4B0B5C5-8F02-499B-9AA2-A2B0BE2C4F9A}.Release|Any CPU.Build.0 = Release|Any CPU
		{6ECE5244-834F-434B-9E5F-421D3430A0B7}.Debug|Any CPU.ActiveCfg = Debug|Any CPU
		{6ECE5244-834F-434B-9E5F-421D3430A0B7}.Debug|Any CPU.Build.0 = Debug|Any CPU
		{6ECE5244-834F-434B-9E5F-421D3430A0B7}.Release|Any CPU.ActiveCfg = Release|Any CPU
		{6ECE5244-834F-434B-9E5F-421D3430A0B7}.Release|Any CPU.Build.0 = Release|Any CPU
	EndGlobalSection
	GlobalSection(SolutionProperties) = preSolution
		HideSolutionNode = FALSE
	EndGlobalSection
	GlobalSection(ExtensibilityGlobals) = postSolution
		SolutionGuid = {E107B2A2-CB0C-4BA5-92E0-CFAD3EA1858E}
	EndGlobalSection
EndGlobal
